
Microsoft Visual Studio Solution File, Format Version 12.00
# Visual Studio Version 16
VisualStudioVersion = 16.0.31019.35
MinimumVisualStudioVersion = 10.0.40219.1
Project("{FAE04EC0-301F-11D3-BF4B-00C04F79EFBC}") = "RecipeRandomizer", "RecipeRandomizer\RecipeRandomizer.csproj", "{D12CB94C-EFAD-4D79-A186-3FD0DC138A2A}"
EndProject
Global
	GlobalSection(SolutionConfigurationPlatforms) = preSolution
		Debug|Any CPU = Debug|Any CPU
		Release|Any CPU = Release|Any CPU
	EndGlobalSection
	GlobalSection(ProjectConfigurationPlatforms) = postSolution
		{D12CB94C-EFAD-4D79-A186-3FD0DC138A2A}.Debug|Any CPU.ActiveCfg = Debug|Any CPU
		{D12CB94C-EFAD-4D79-A186-3FD0DC138A2A}.Debug|Any CPU.Build.0 = Debug|Any CPU
		{D12CB94C-EFAD-4D79-A186-3FD0DC138A2A}.Release|Any CPU.ActiveCfg = Release|Any CPU
		{D12CB94C-EFAD-4D79-A186-3FD0DC138A2A}.Release|Any CPU.Build.0 = Release|Any CPU
	EndGlobalSection
	GlobalSection(SolutionProperties) = preSolution
		HideSolutionNode = FALSE
	EndGlobalSection
	GlobalSection(ExtensibilityGlobals) = postSolution
		SolutionGuid = {0EC7A9F3-918B-4C82-8FA1-1145EE3633AC}
	EndGlobalSection
EndGlobal
